
Microsoft Visual Studio Solution File, Format Version 12.00
# Visual Studio 15
VisualStudioVersion = 15.0.28307.106
MinimumVisualStudioVersion = 10.0.40219.1
Project("{FAE04EC0-301F-11D3-BF4B-00C04F79EFBC}") = "StudentGradesMVC", "StudentGradesMVC\StudentGradesMVC.csproj", "{C1966615-4FC9-4EAE-85E2-27F9F2EDD22D}"
EndProject
Project("{FAE04EC0-301F-11D3-BF4B-00C04F79EFBC}") = "Repository", "Repository\Repository.csproj", "{009FDA03-1DDC-441F-983B-0077557C1EE1}"
EndProject
Project("{FAE04EC0-301F-11D3-BF4B-00C04F79EFBC}") = "StudentGradesAPI", "StudentGradesAPI\StudentGradesAPI.csproj", "{2684DB37-98C5-492B-BD8E-29949479ACEB}"
EndProject
Project("{FAE04EC0-301F-11D3-BF4B-00C04F79EFBC}") = "MergeStringsConsole", "MergeStringsConsole\MergeStringsConsole.csproj", "{6D6E0D9E-429C-4B7C-BCA0-11E59F353959}"
EndProject
Global
	GlobalSection(SolutionConfigurationPlatforms) = preSolution
		Debug|Any CPU = Debug|Any CPU
		Release|Any CPU = Release|Any CPU
	EndGlobalSection
	GlobalSection(ProjectConfigurationPlatforms) = postSolution
		{C1966615-4FC9-4EAE-85E2-27F9F2EDD22D}.Debug|Any CPU.ActiveCfg = Debug|Any CPU
		{C1966615-4FC9-4EAE-85E2-27F9F2EDD22D}.Debug|Any CPU.Build.0 = Debug|Any CPU
		{C1966615-4FC9-4EAE-85E2-27F9F2EDD22D}.Release|Any CPU.ActiveCfg = Release|Any CPU
		{C1966615-4FC9-4EAE-85E2-27F9F2EDD22D}.Release|Any CPU.Build.0 = Release|Any CPU
		{009FDA03-1DDC-441F-983B-0077557C1EE1}.Debug|Any CPU.ActiveCfg = Debug|Any CPU
		{009FDA03-1DDC-441F-983B-0077557C1EE1}.Debug|Any CPU.Build.0 = Debug|Any CPU
		{009FDA03-1DDC-441F-983B-0077557C1EE1}.Release|Any CPU.ActiveCfg = Release|Any CPU
		{009FDA03-1DDC-441F-983B-0077557C1EE1}.Release|Any CPU.Build.0 = Release|Any CPU
		{2684DB37-98C5-492B-BD8E-29949479ACEB}.Debug|Any CPU.ActiveCfg = Debug|Any CPU
		{2684DB37-98C5-492B-BD8E-29949479ACEB}.Debug|Any CPU.Build.0 = Debug|Any CPU
		{2684DB37-98C5-492B-BD8E-29949479ACEB}.Release|Any CPU.ActiveCfg = Release|Any CPU
		{2684DB37-98C5-492B-BD8E-29949479ACEB}.Release|Any CPU.Build.0 = Release|Any CPU
		{6D6E0D9E-429C-4B7C-BCA0-11E59F353959}.Debug|Any CPU.ActiveCfg = Debug|Any CPU
		{6D6E0D9E-429C-4B7C-BCA0-11E59F353959}.Debug|Any CPU.Build.0 = Debug|Any CPU
		{6D6E0D9E-429C-4B7C-BCA0-11E59F353959}.Release|Any CPU.ActiveCfg = Release|Any CPU
		{6D6E0D9E-429C-4B7C-BCA0-11E59F353959}.Release|Any CPU.Build.0 = Release|Any CPU
	EndGlobalSection
	GlobalSection(SolutionProperties) = preSolution
		HideSolutionNode = FALSE
	EndGlobalSection
	GlobalSection(ExtensibilityGlobals) = postSolution
		SolutionGuid = {FB127880-A136-42C3-B660-AB51F4946F1B}
	EndGlobalSection
EndGlobal
